
Microsoft Visual Studio Solution File, Format Version 12.00
# Visual Studio Version 16
VisualStudioVersion = 16.0.30309.148
MinimumVisualStudioVersion = 10.0.40219.1
Project("{9A19103F-16F7-4668-BE54-9A1E7A4F7556}") = "BVMinh.EmailService.API", "BVMinh.EmailService.UI\BVMinh.EmailService.API.csproj", "{1340270B-E3CC-4C5E-B017-FC7A5388264E}"
EndProject
Project("{9A19103F-16F7-4668-BE54-9A1E7A4F7556}") = "BVMinh.EmailService.Scheduler", "BVMinh.EmailService.Scheduler\BVMinh.EmailService.Scheduler.csproj", "{D7149819-FBB1-4DDA-829A-02846373B2B4}"
EndProject
Project("{9A19103F-16F7-4668-BE54-9A1E7A4F7556}") = "BVMinh.EmailService.Rescheduler", "BVMinh.EmailService.Rescheduler\BVMinh.EmailService.Rescheduler.csproj", "{E9BA6906-CA9D-4FA9-9A6C-610F4FB36C16}"
EndProject
Project("{9A19103F-16F7-4668-BE54-9A1E7A4F7556}") = "BVMinh.EmailService.Entity", "BVMinh.EmailService.Entity\BVMinh.EmailService.Entity.csproj", "{7235CD2F-4CEC-4558-92C0-7BFC0E87E7EF}"
EndProject
Project("{9A19103F-16F7-4668-BE54-9A1E7A4F7556}") = "BVMinh.EmailService.DL", "BVMinh.EmailService.DL\BVMinh.EmailService.DL.csproj", "{95BB01F6-6D8B-4A90-8A1E-8815B662E11F}"
EndProject
Project("{9A19103F-16F7-4668-BE54-9A1E7A4F7556}") = "BVMinh.EmailService.Common", "BVMinh.EmailService.Common\BVMinh.EmailService.Common.csproj", "{0795097D-C4AA-4CD2-A566-9873A69345DA}"
EndProject
Project("{9A19103F-16F7-4668-BE54-9A1E7A4F7556}") = "BVMinh.EmailService.Fetcher", "BVMinh.EmailService.Fetcher\BVMinh.EmailService.Fetcher.csproj", "{4308D61E-82BE-495A-9B49-2CCEB9051F73}"
EndProject
Project("{FAE04EC0-301F-11D3-BF4B-00C04F79EFBC}") = "BVMinh.EmailService.QueueConsumer", "BVMinh.EmailService.QueueConsumer\BVMinh.EmailService.QueueConsumer.csproj", "{C7335BC1-7364-484D-9A0C-43787155C0C9}"
EndProject
Project("{FAE04EC0-301F-11D3-BF4B-00C04F79EFBC}") = "BVMinh.EmailService.PushEmail", "BVMinh.EmailService.PushEmail\BVMinh.EmailService.PushEmail.csproj", "{DC7F568C-8FBB-4EDF-8888-5980BB04BDE4}"
EndProject
Global
	GlobalSection(SolutionConfigurationPlatforms) = preSolution
		Debug|Any CPU = Debug|Any CPU
		Release|Any CPU = Release|Any CPU
	EndGlobalSection
	GlobalSection(ProjectConfigurationPlatforms) = postSolution
		{1340270B-E3CC-4C5E-B017-FC7A5388264E}.Debug|Any CPU.ActiveCfg = Debug|Any CPU
		{1340270B-E3CC-4C5E-B017-FC7A5388264E}.Debug|Any CPU.Build.0 = Debug|Any CPU
		{1340270B-E3CC-4C5E-B017-FC7A5388264E}.Release|Any CPU.ActiveCfg = Release|Any CPU
		{1340270B-E3CC-4C5E-B017-FC7A5388264E}.Release|Any CPU.Build.0 = Release|Any CPU
		{D7149819-FBB1-4DDA-829A-02846373B2B4}.Debug|Any CPU.ActiveCfg = Debug|Any CPU
		{D7149819-FBB1-4DDA-829A-02846373B2B4}.Debug|Any CPU.Build.0 = Debug|Any CPU
		{D7149819-FBB1-4DDA-829A-02846373B2B4}.Release|Any CPU.ActiveCfg = Release|Any CPU
		{D7149819-FBB1-4DDA-829A-02846373B2B4}.Release|Any CPU.Build.0 = Release|Any CPU
		{E9BA6906-CA9D-4FA9-9A6C-610F4FB36C16}.Debug|Any CPU.ActiveCfg = Debug|Any CPU
		{E9BA6906-CA9D-4FA9-9A6C-610F4FB36C16}.Debug|Any CPU.Build.0 = Debug|Any CPU
		{E9BA6906-CA9D-4FA9-9A6C-610F4FB36C16}.Release|Any CPU.ActiveCfg = Release|Any CPU
		{E9BA6906-CA9D-4FA9-9A6C-610F4FB36C16}.Release|Any CPU.Build.0 = Release|Any CPU
		{7235CD2F-4CEC-4558-92C0-7BFC0E87E7EF}.Debug|Any CPU.ActiveCfg = Debug|Any CPU
		{7235CD2F-4CEC-4558-92C0-7BFC0E87E7EF}.Debug|Any CPU.Build.0 = Debug|Any CPU
		{7235CD2F-4CEC-4558-92C0-7BFC0E87E7EF}.Release|Any CPU.ActiveCfg = Release|Any CPU
		{7235CD2F-4CEC-4558-92C0-7BFC0E87E7EF}.Release|Any CPU.Build.0 = Release|Any CPU
		{95BB01F6-6D8B-4A90-8A1E-8815B662E11F}.Debug|Any CPU.ActiveCfg = Debug|Any CPU
		{95BB01F6-6D8B-4A90-8A1E-8815B662E11F}.Debug|Any CPU.Build.0 = Debug|Any CPU
		{95BB01F6-6D8B-4A90-8A1E-8815B662E11F}.Release|Any CPU.ActiveCfg = Release|Any CPU
		{95BB01F6-6D8B-4A90-8A1E-8815B662E11F}.Release|Any CPU.Build.0 = Release|Any CPU
		{0795097D-C4AA-4CD2-A566-9873A69345DA}.Debug|Any CPU.ActiveCfg = Debug|Any CPU
		{0795097D-C4AA-4CD2-A566-9873A69345DA}.Debug|Any CPU.Build.0 = Debug|Any CPU
		{0795097D-C4AA-4CD2-A566-9873A69345DA}.Release|Any CPU.ActiveCfg = Release|Any CPU
		{0795097D-C4AA-4CD2-A566-9873A69345DA}.Release|Any CPU.Build.0 = Release|Any CPU
		{4308D61E-82BE-495A-9B49-2CCEB9051F73}.Debug|Any CPU.ActiveCfg = Debug|Any CPU
		{4308D61E-82BE-495A-9B49-2CCEB9051F73}.Debug|Any CPU.Build.0 = Debug|Any CPU
		{4308D61E-82BE-495A-9B49-2CCEB9051F73}.Release|Any CPU.ActiveCfg = Release|Any CPU
		{4308D61E-82BE-495A-9B49-2CCEB9051F73}.Release|Any CPU.Build.0 = Release|Any CPU
		{C7335BC1-7364-484D-9A0C-43787155C0C9}.Debug|Any CPU.ActiveCfg = Debug|Any CPU
		{C7335BC1-7364-484D-9A0C-43787155C0C9}.Debug|Any CPU.Build.0 = Debug|Any CPU
		{C7335BC1-7364-484D-9A0C-43787155C0C9}.Release|Any CPU.ActiveCfg = Release|Any CPU
		{C7335BC1-7364-484D-9A0C-43787155C0C9}.Release|Any CPU.Build.0 = Release|Any CPU
		{DC7F568C-8FBB-4EDF-8888-5980BB04BDE4}.Debug|Any CPU.ActiveCfg = Debug|Any CPU
		{DC7F568C-8FBB-4EDF-8888-5980BB04BDE4}.Debug|Any CPU.Build.0 = Debug|Any CPU
		{DC7F568C-8FBB-4EDF-8888-5980BB04BDE4}.Release|Any CPU.ActiveCfg = Release|Any CPU
		{DC7F568C-8FBB-4EDF-8888-5980BB04BDE4}.Release|Any CPU.Build.0 = Release|Any CPU
	EndGlobalSection
	GlobalSection(SolutionProperties) = preSolution
		HideSolutionNode = FALSE
	EndGlobalSection
	GlobalSection(ExtensibilityGlobals) = postSolution
		SolutionGuid = {413E8AC1-C141-4F28-ACE4-1197C9807FF9}
	EndGlobalSection
EndGlobal
